{
  "name": "node-addon-sample",
  "version": "1.0.0",
  "lockfileVersion": 2,
  "requires": true,
  "packages": {
    "": {
      "name": "node-addon-sample",
      "version": "1.0.0",
      "devDependencies": {
        "@beeswax/node-api": "file:..",
        "@beeswax/toolchain": "^1.0.0",
        "node-addon-api": "^5.0.0"
      }
    },
    "..": {
      "name": "@beeswax/node-api",
      "version": "1.1.1",
      "dev": true,
      "dependencies": {
        "semver": "^7.3.5"
      }
    },
    "node_modules/@beeswax/node-api": {
      "resolved": "..",
      "link": true
    },
    "node_modules/@beeswax/toolchain": {
      "version": "1.0.0",
      "resolved": "https://registry.npmjs.org/@beeswax/toolchain/-/toolchain-1.0.0.tgz",
      "integrity": "sha512-YiJWkXEzbGJ5YWct3xg6X/8dRDCxYG8IH6yJZ36eQS0x+xJPiny/Mvcbb/tnlv1iisVYZV0BDz4bBHvxPfbKNg==",
      "cpu": [
        "x64",
        "x32"
      ],
      "dev": true,
      "os": [
        "win32",
        "linux",
        "darwin"
      ],
      "bin": {
        "toolchain": "toolchain.js"
      }
    },
    "node_modules/node-addon-api": {
      "version": "5.0.0",
      "resolved": "https://registry.npmjs.org/node-addon-api/-/node-addon-api-5.0.0.tgz",
      "integrity": "sha512-CvkDw2OEnme7ybCykJpVcKH+uAOLV2qLqiyla128dN9TkEWfrYmxG6C2boDe5KcNQqZF3orkqzGgOMvZ/JNekA==",
      "dev": true
    }
  },
  "dependencies": {
    "@beeswax/node-api": {
      "version": "file:..",
      "requires": {
        "semver": "^7.3.5"
      }
    },
    "@beeswax/toolchain": {
      "version": "1.0.0",
      "resolved": "https://registry.npmjs.org/@beeswax/toolchain/-/toolchain-1.0.0.tgz",
      "integrity": "sha512-YiJWkXEzbGJ5YWct3xg6X/8dRDCxYG8IH6yJZ36eQS0x+xJPiny/Mvcbb/tnlv1iisVYZV0BDz4bBHvxPfbKNg==",
      "dev": true
    },
    "node-addon-api": {
      "version": "5.0.0",
      "resolved": "https://registry.npmjs.org/node-addon-api/-/node-addon-api-5.0.0.tgz",
      "integrity": "sha512-CvkDw2OEnme7ybCykJpVcKH+uAOLV2qLqiyla128dN9TkEWfrYmxG6C2boDe5KcNQqZF3orkqzGgOMvZ/JNekA==",
      "dev": true
    }
  }
}
